
Microsoft Visual Studio Solution File, Format Version 12.00
# Visual Studio Version 16
VisualStudioVersion = 16.0.31613.86
MinimumVisualStudioVersion = 10.0.40219.1
Project("{FAE04EC0-301F-11D3-BF4B-00C04F79EFBC}") = "KomodoInsurance_UI", "KomodoInsurance_UI\KomodoInsurance_UI.csproj", "{17026F62-B986-4430-B18D-ED8909E0CF63}"
EndProject
Project("{FAE04EC0-301F-11D3-BF4B-00C04F79EFBC}") = "KomodoInsurance_POCO", "Developer_POCO\KomodoInsurance_POCO.csproj", "{BD30966A-ED98-400C-8E27-70A2E88BECBA}"
EndProject
Project("{FAE04EC0-301F-11D3-BF4B-00C04F79EFBC}") = "KomodoInsurance_Repo", "KomodoInsurance_Repo\KomodoInsurance_Repo.csproj", "{1EC2CEAA-D5AE-4A84-B7CF-5F4328DE2DAB}"
EndProject
Project("{FAE04EC0-301F-11D3-BF4B-00C04F79EFBC}") = "KomodoInsurance_Tests", "KomodoInsurance_Tests\KomodoInsurance_Tests.csproj", "{3F7C26A8-CC1F-44F5-A3E1-EA9583EF610E}"
EndProject
Global
	GlobalSection(SolutionConfigurationPlatforms) = preSolution
		Debug|Any CPU = Debug|Any CPU
		Release|Any CPU = Release|Any CPU
	EndGlobalSection
	GlobalSection(ProjectConfigurationPlatforms) = postSolution
		{17026F62-B986-4430-B18D-ED8909E0CF63}.Debug|Any CPU.ActiveCfg = Debug|Any CPU
		{17026F62-B986-4430-B18D-ED8909E0CF63}.Debug|Any CPU.Build.0 = Debug|Any CPU
		{17026F62-B986-4430-B18D-ED8909E0CF63}.Release|Any CPU.ActiveCfg = Release|Any CPU
		{17026F62-B986-4430-B18D-ED8909E0CF63}.Release|Any CPU.Build.0 = Release|Any CPU
		{BD30966A-ED98-400C-8E27-70A2E88BECBA}.Debug|Any CPU.ActiveCfg = Debug|Any CPU
		{BD30966A-ED98-400C-8E27-70A2E88BECBA}.Debug|Any CPU.Build.0 = Debug|Any CPU
		{BD30966A-ED98-400C-8E27-70A2E88BECBA}.Release|Any CPU.ActiveCfg = Release|Any CPU
		{BD30966A-ED98-400C-8E27-70A2E88BECBA}.Release|Any CPU.Build.0 = Release|Any CPU
		{1EC2CEAA-D5AE-4A84-B7CF-5F4328DE2DAB}.Debug|Any CPU.ActiveCfg = Debug|Any CPU
		{1EC2CEAA-D5AE-4A84-B7CF-5F4328DE2DAB}.Debug|Any CPU.Build.0 = Debug|Any CPU
		{1EC2CEAA-D5AE-4A84-B7CF-5F4328DE2DAB}.Release|Any CPU.ActiveCfg = Release|Any CPU
		{1EC2CEAA-D5AE-4A84-B7CF-5F4328DE2DAB}.Release|Any CPU.Build.0 = Release|Any CPU
		{3F7C26A8-CC1F-44F5-A3E1-EA9583EF610E}.Debug|Any CPU.ActiveCfg = Debug|Any CPU
		{3F7C26A8-CC1F-44F5-A3E1-EA9583EF610E}.Debug|Any CPU.Build.0 = Debug|Any CPU
		{3F7C26A8-CC1F-44F5-A3E1-EA9583EF610E}.Release|Any CPU.ActiveCfg = Release|Any CPU
		{3F7C26A8-CC1F-44F5-A3E1-EA9583EF610E}.Release|Any CPU.Build.0 = Release|Any CPU
	EndGlobalSection
	GlobalSection(SolutionProperties) = preSolution
		HideSolutionNode = FALSE
	EndGlobalSection
	GlobalSection(ExtensibilityGlobals) = postSolution
		SolutionGuid = {525C514B-5E4D-4849-BDC4-00785FCE9B2D}
	EndGlobalSection
EndGlobal
